// !$*UTF8*$!
{
	archiveVersion = 1;
	classes = {
	};
	objectVersion = 55;
	objects = {

/* Begin PBXBuildFile section */
		3A0C79AB28187A8B0030E72B /* AppDelegate.swift in Sources */ = {isa = PBXBuildFile; fileRef = 3A0C79AA28187A8B0030E72B /* AppDelegate.swift */; };
		3A0C79AD28187A8B0030E72B /* SceneDelegate.swift in Sources */ = {isa = PBXBuildFile; fileRef = 3A0C79AC28187A8B0030E72B /* SceneDelegate.swift */; };
		3A0C79AF28187A8B0030E72B /* ViewController.swift in Sources */ = {isa = PBXBuildFile; fileRef = 3A0C79AE28187A8B0030E72B /* ViewController.swift */; };
		3A0C79B228187A8B0030E72B /* Main.storyboard in Resources */ = {isa = PBXBuildFile; fileRef = 3A0C79B028187A8B0030E72B /* Main.storyboard */; };
		3A0C79B428187A8B0030E72B /* Assets.xcassets in Resources */ = {isa = PBXBuildFile; fileRef = 3A0C79B328187A8B0030E72B /* Assets.xcassets */; };
		3A0C79B728187A8B0030E72B /* LaunchScreen.storyboard in Resources */ = {isa = PBXBuildFile; fileRef = 3A0C79B528187A8B0030E72B /* LaunchScreen.storyboard */; };
		3A0C79C228187A8B0030E72B /* DemoTmpTests.swift in Sources */ = {isa = PBXBuildFile; fileRef = 3A0C79C128187A8B0030E72B /* DemoTmpTests.swift */; };
		3A0C79CC28187A8C0030E72B /* DemoTmpUITests.swift in Sources */ = {isa = PBXBuildFile; fileRef = 3A0C79CB28187A8C0030E72B /* DemoTmpUITests.swift */; };
		3A0C79CE28187A8C0030E72B /* DemoTmpUITestsLaunchTests.swift in Sources */ = {isa = PBXBuildFile; fileRef = 3A0C79CD28187A8C0030E72B /* DemoTmpUITestsLaunchTests.swift */; };
/* End PBXBuildFile section */

/* Begin PBXContainerItemProxy section */
		3A0C79BE28187A8B0030E72B /* PBXContainerItemProxy */ = {
			isa = PBXContainerItemProxy;
			containerPortal = 3A0C799F28187A8B0030E72B /* Project object */;
			proxyType = 1;
			remoteGlobalIDString = 3A0C79A628187A8B0030E72B;
			remoteInfo = DemoTmp;
		};
		3A0C79C828187A8C0030E72B /* PBXContainerItemProxy */ = {
			isa = PBXContainerItemProxy;
			containerPortal = 3A0C799F28187A8B0030E72B /* Project object */;
			proxyType = 1;
			remoteGlobalIDString = 3A0C79A628187A8B0030E72B;
			remoteInfo = DemoTmp;
		};
/* End PBXContainerItemProxy section */

/* Begin PBXFileReference section */
		3A0C79A728187A8B0030E72B /* DemoTmp.app */ = {isa = PBXFileReference; explicitFileType = wrapper.application; includeInIndex = 0; path = DemoTmp.app; sourceTree = BUILT_PRODUCTS_DIR; };
		3A0C79AA28187A8B0030E72B /* AppDelegate.swift */ = {isa = PBXFileReference; lastKnownFileType = sourcecode.swift; path = AppDelegate.swift; sourceTree = "<group>"; };
		3A0C79AC28187A8B0030E72B /* SceneDelegate.swift */ = {isa = PBXFileReference; lastKnownFileType = sourcecode.swift; path = SceneDelegate.swift; sourceTree = "<group>"; };
		3A0C79AE28187A8B0030E72B /* ViewController.swift */ = {isa = PBXFileReference; lastKnownFileType = sourcecode.swift; path = ViewController.swift; sourceTree = "<group>"; };
		3A0C79B128187A8B0030E72B /* Base */ = {isa = PBXFileReference; lastKnownFileType = file.storyboard; name = Base; path = Base.lproj/Main.storyboard; sourceTree = "<group>"; };
		3A0C79B328187A8B0030E72B /* Assets.xcassets */ = {isa = PBXFileReference; lastKnownFileType = folder.assetcatalog; path = Assets.xcassets; sourceTree = "<group>"; };
		3A0C79B628187A8B0030E72B /* Base */ = {isa = PBXFileReference; lastKnownFileType = file.storyboard; name = Base; path = Base.lproj/LaunchScreen.storyboard; sourceTree = "<group>"; };
		3A0C79B828187A8B0030E72B /* Info.plist */ = {isa = PBXFileReference; lastKnownFileType = text.plist.xml; path = Info.plist; sourceTree = "<group>"; };
		3A0C79BD28187A8B0030E72B /* DemoTmpTests.xctest */ = {isa = PBXFileReference; explicitFileType = wrapper.cfbundle; includeInIndex = 0; path = DemoTmpTests.xctest; sourceTree = BUILT_PRODUCTS_DIR; };
		3A0C79C128187A8B0030E72B /* DemoTmpTests.swift */ = {isa = PBXFileReference; lastKnownFileType = sourcecode.swift; path = DemoTmpTests.swift; sourceTree = "<group>"; };
		3A0C79C728187A8C0030E72B /* DemoTmpUITests.xctest */ = {isa = PBXFileReference; explicitFileType = wrapper.cfbundle; includeInIndex = 0; path = DemoTmpUITests.xctest; sourceTree = BUILT_PRODUCTS_DIR; };
		3A0C79CB28187A8C0030E72B /* DemoTmpUITests.swift */ = {isa = PBXFileReference; lastKnownFileType = sourcecode.swift; path = DemoTmpUITests.swift; sourceTree = "<group>"; };
		3A0C79CD28187A8C0030E72B /* DemoTmpUITestsLaunchTests.swift */ = {isa = PBXFileReference; lastKnownFileType = sourcecode.swift; path = DemoTmpUITestsLaunchTests.swift; sourceTree = "<group>"; };
/* End PBXFileReference section */

/* Begin PBXFrameworksBuildPhase section */
		3A0C79A428187A8B0030E72B /* Frameworks */ = {
			isa = PBXFrameworksBuildPhase;
			buildActionMask = 2147483647;
			files = (
			);
			runOnlyForDeploymentPostprocessing = 0;
		};
		3A0C79BA28187A8B0030E72B /* Frameworks */ = {
			isa = PBXFrameworksBuildPhase;
			buildActionMask = 2147483647;
			files = (
			);
			runOnlyForDeploymentPostprocessing = 0;
		};
		3A0C79C428187A8C0030E72B /* Frameworks */ = {
			isa = PBXFrameworksBuildPhase;
			buildActionMask = 2147483647;
			files = (
			);
			runOnlyForDeploymentPostprocessing = 0;
		};
/* End PBXFrameworksBuildPhase section */

/* Begin PBXGroup section */
		3A0C799E28187A8B0030E72B = {
			isa = PBXGroup;
			children = (
				3A0C79A928187A8B0030E72B /* DemoTmp */,
				3A0C79C028187A8B0030E72B /* DemoTmpTests */,
				3A0C79CA28187A8C0030E72B /* DemoTmpUITests */,
				3A0C79A828187A8B0030E72B /* Products */,
			);
			sourceTree = "<group>";
		};
		3A0C79A828187A8B0030E72B /* Products */ = {
			isa = PBXGroup;
			children = (
				3A0C79A728187A8B0030E72B /* DemoTmp.app */,
				3A0C79BD28187A8B0030E72B /* DemoTmpTests.xctest */,
				3A0C79C728187A8C0030E72B /* DemoTmpUITests.xctest */,
			);
			name = Products;
			sourceTree = "<group>";
		};
		3A0C79A928187A8B0030E72B /* DemoTmp */ = {
			isa = PBXGroup;
			children = (
				3A0C79AA28187A8B0030E72B /* AppDelegate.swift */,
				3A0C79AC28187A8B0030E72B /* SceneDelegate.swift */,
				3A0C79AE28187A8B0030E72B /* ViewController.swift */,
				3A0C79B028187A8B0030E72B /* Main.storyboard */,
				3A0C79B328187A8B0030E72B /* Assets.xcassets */,
				3A0C79B528187A8B0030E72B /* LaunchScreen.storyboard */,
				3A0C79B828187A8B0030E72B /* Info.plist */,
			);
			path = DemoTmp;
			sourceTree = "<group>";
		};
		3A0C79C028187A8B0030E72B /* DemoTmpTests */ = {
			isa = PBXGroup;
			children = (
				3A0C79C128187A8B0030E72B /* DemoTmpTests.swift */,
			);
			path = DemoTmpTests;
			sourceTree = "<group>";
		};
		3A0C79CA28187A8C0030E72B /* DemoTmpUITests */ = {
			isa = PBXGroup;
			children = (
				3A0C79CB28187A8C0030E72B /* DemoTmpUITests.swift */,
				3A0C79CD28187A8C0030E72B /* DemoTmpUITestsLaunchTests.swift */,
			);
			path = DemoTmpUITests;
			sourceTree = "<group>";
		};
/* End PBXGroup section */

/* Begin PBXNativeTarget section */
		3A0C79A628187A8B0030E72B /* DemoTmp */ = {
			isa = PBXNativeTarget;
			buildConfigurationList = 3A0C79D128187A8C0030E72B /* Build configuration list for PBXNativeTarget "DemoTmp" */;
			buildPhases = (
				3A0C79A328187A8B0030E72B /* Sources */,
				3A0C79A428187A8B0030E72B /* Frameworks */,
				3A0C79A528187A8B0030E72B /* Resources */,
			);
			buildRules = (
			);
			dependencies = (
			);
			name = DemoTmp;
			productName = DemoTmp;
			productReference = 3A0C79A728187A8B0030E72B /* DemoTmp.app */;
			productType = "com.apple.product-type.application";
		};
		3A0C79BC28187A8B0030E72B /* DemoTmpTests */ = {
			isa = PBXNativeTarget;
			buildConfigurationList = 3A0C79D428187A8C0030E72B /* Build configuration list for PBXNativeTarget "DemoTmpTests" */;
			buildPhases = (
				3A0C79B928187A8B0030E72B /* Sources */,
				3A0C79BA28187A8B0030E72B /* Frameworks */,
				3A0C79BB28187A8B0030E72B /* Resources */,
			);
			buildRules = (
			);
			dependencies = (
				3A0C79BF28187A8B0030E72B /* PBXTargetDependency */,
			);
			name = DemoTmpTests;
			productName = DemoTmpTests;
			productReference = 3A0C79BD28187A8B0030E72B /* DemoTmpTests.xctest */;
			productType = "com.apple.product-type.bundle.unit-test";
		};
		3A0C79C628187A8C0030E72B /* DemoTmpUITests */ = {
			isa = PBXNativeTarget;
			buildConfigurationList = 3A0C79D728187A8C0030E72B /* Build configuration list for PBXNativeTarget "DemoTmpUITests" */;
			buildPhases = (
				3A0C79C328187A8C0030E72B /* Sources */,
				3A0C79C428187A8C0030E72B /* Frameworks */,
				3A0C79C528187A8C0030E72B /* Resources */,
			);
			buildRules = (
			);
			dependencies = (
				3A0C79C928187A8C0030E72B /* PBXTargetDependency */,
			);
			name = DemoTmpUITests;
			productName = DemoTmpUITests;
			productReference = 3A0C79C728187A8C0030E72B /* DemoTmpUITests.xctest */;
			productType = "com.apple.product-type.bundle.ui-testing";
		};
/* End PBXNativeTarget section */

/* Begin PBXProject section */
		3A0C799F28187A8B0030E72B /* Project object */ = {
			isa = PBXProject;
			attributes = {
				BuildIndependentTargetsInParallel = 1;
				LastSwiftUpdateCheck = 1330;
				LastUpgradeCheck = 1330;
				TargetAttributes = {
					3A0C79A628187A8B0030E72B = {
						CreatedOnToolsVersion = 13.3;
					};
					3A0C79BC28187A8B0030E72B = {
						CreatedOnToolsVersion = 13.3;
						TestTargetID = 3A0C79A628187A8B0030E72B;
					};
					3A0C79C628187A8C0030E72B = {
						CreatedOnToolsVersion = 13.3;
						TestTargetID = 3A0C79A628187A8B0030E72B;
					};
				};
			};
			buildConfigurationList = 3A0C79A228187A8B0030E72B /* Build configuration list for PBXProject "DemoTmp" */;
			compatibilityVersion = "Xcode 13.0";
			developmentRegion = en;
			hasScannedForEncodings = 0;
			knownRegions = (
				en,
				Base,
			);
			mainGroup = 3A0C799E28187A8B0030E72B;
			productRefGroup = 3A0C79A828187A8B0030E72B /* Products */;
			projectDirPath = "";
			projectRoot = "";
			targets = (
				3A0C79A628187A8B0030E72B /* DemoTmp */,
				3A0C79BC28187A8B0030E72B /* DemoTmpTests */,
				3A0C79C628187A8C0030E72B /* DemoTmpUITests */,
			);
		};
/* End PBXProject section */

/* Begin PBXResourcesBuildPhase section */
		3A0C79A528187A8B0030E72B /* Resources */ = {
			isa = PBXResourcesBuildPhase;
			buildActionMask = 2147483647;
			files = (
				3A0C79B728187A8B0030E72B /* LaunchScreen.storyboard in Resources */,
				3A0C79B428187A8B0030E72B /* Assets.xcassets in Resources */,
				3A0C79B228187A8B0030E72B /* Main.storyboard in Resources */,
			);
			runOnlyForDeploymentPostprocessing = 0;
		};
		3A0C79BB28187A8B0030E72B /* Resources */ = {
			isa = PBXResourcesBuildPhase;
			buildActionMask = 2147483647;
			files = (
			);
			runOnlyForDeploymentPostprocessing = 0;
		};
		3A0C79C528187A8C0030E72B /* Resources */ = {
			isa = PBXResourcesBuildPhase;
			buildActionMask = 2147483647;
			files = (
			);
			runOnlyForDeploymentPostprocessing = 0;
		};
/* End PBXResourcesBuildPhase section */

/* Begin PBXSourcesBuildPhase section */
		3A0C79A328187A8B0030E72B /* Sources */ = {
			isa = PBXSourcesBuildPhase;
			buildActionMask = 2147483647;
			files = (
				3A0C79AF28187A8B0030E72B /* ViewController.swift in Sources */,
				3A0C79AB28187A8B0030E72B /* AppDelegate.swift in Sources */,
				3A0C79AD28187A8B0030E72B /* SceneDelegate.swift in Sources */,
			);
			runOnlyForDeploymentPostprocessing = 0;
		};
		3A0C79B928187A8B0030E72B /* Sources */ = {
			isa = PBXSourcesBuildPhase;
			buildActionMask = 2147483647;
			files = (
				3A0C79C228187A8B0030E72B /* DemoTmpTests.swift in Sources */,
			);
			runOnlyForDeploymentPostprocessing = 0;
		};
		3A0C79C328187A8C0030E72B /* Sources */ = {
			isa = PBXSourcesBuildPhase;
			buildActionMask = 2147483647;
			files = (
				3A0C79CC28187A8C0030E72B /* DemoTmpUITests.swift in Sources */,
				3A0C79CE28187A8C0030E72B /* DemoTmpUITestsLaunchTests.swift in Sources */,
			);
			runOnlyForDeploymentPostprocessing = 0;
		};
/* End PBXSourcesBuildPhase section */

/* Begin PBXTargetDependency section */
		3A0C79BF28187A8B0030E72B /* PBXTargetDependency */ = {
			isa = PBXTargetDependency;
			target = 3A0C79A628187A8B0030E72B /* DemoTmp */;
			targetProxy = 3A0C79BE28187A8B0030E72B /* PBXContainerItemProxy */;
		};
		3A0C79C928187A8C0030E72B /* PBXTargetDependency */ = {
			isa = PBXTargetDependency;
			target = 3A0C79A628187A8B0030E72B /* DemoTmp */;
			targetProxy = 3A0C79C828187A8C0030E72B /* PBXContainerItemProxy */;
		};
/* End PBXTargetDependency section */

/* Begin PBXVariantGroup section */
		3A0C79B028187A8B0030E72B /* Main.storyboard */ = {
			isa = PBXVariantGroup;
			children = (
				3A0C79B128187A8B0030E72B /* Base */,
			);
			name = Main.storyboard;
			sourceTree = "<group>";
		};
		3A0C79B528187A8B0030E72B /* LaunchScreen.storyboard */ = {
			isa = PBXVariantGroup;
			children = (
				3A0C79B628187A8B0030E72B /* Base */,
			);
			name = LaunchScreen.storyboard;
			sourceTree = "<group>";
		};
/* End PBXVariantGroup section */

/* Begin XCBuildConfiguration section */
		3A0C79CF28187A8C0030E72B /* Debug */ = {
			isa = XCBuildConfiguration;
			buildSettings = {
				ALWAYS_SEARCH_USER_PATHS = NO;
				CLANG_ANALYZER_NONNULL = YES;
				CLANG_ANALYZER_NUMBER_OBJECT_CONVERSION = YES_AGGRESSIVE;
				CLANG_CXX_LANGUAGE_STANDARD = "gnu++17";
				CLANG_ENABLE_MODULES = YES;
				CLANG_ENABLE_OBJC_ARC = YES;
				CLANG_ENABLE_OBJC_WEAK = YES;
				CLANG_WARN_BLOCK_CAPTURE_AUTORELEASING = YES;
				CLANG_WARN_BOOL_CONVERSION = YES;
				CLANG_WARN_COMMA = YES;
				CLANG_WARN_CONSTANT_CONVERSION = YES;
				CLANG_WARN_DEPRECATED_OBJC_IMPLEMENTATIONS = YES;
				CLANG_WARN_DIRECT_OBJC_ISA_USAGE = YES_ERROR;
				CLANG_WARN_DOCUMENTATION_COMMENTS = YES;
				CLANG_WARN_EMPTY_BODY = YES;
				CLANG_WARN_ENUM_CONVERSION = YES;
				CLANG_WARN_INFINITE_RECURSION = YES;
				CLANG_WARN_INT_CONVERSION = YES;
				CLANG_WARN_NON_LITERAL_NULL_CONVERSION = YES;
				CLANG_WARN_OBJC_IMPLICIT_RETAIN_SELF = YES;
				CLANG_WARN_OBJC_LITERAL_CONVERSION = YES;
				CLANG_WARN_OBJC_ROOT_CLASS = YES_ERROR;
				CLANG_WARN_QUOTED_INCLUDE_IN_FRAMEWORK_HEADER = YES;
				CLANG_WARN_RANGE_LOOP_ANALYSIS = YES;
				CLANG_WARN_STRICT_PROTOTYPES = YES;
				CLANG_WARN_SUSPICIOUS_MOVE = YES;
				CLANG_WARN_UNGUARDED_AVAILABILITY = YES_AGGRESSIVE;
				CLANG_WARN_UNREACHABLE_CODE = YES;
				CLANG_WARN__DUPLICATE_METHOD_MATCH = YES;
				COPY_PHASE_STRIP = NO;
				DEBUG_INFORMATION_FORMAT = dwarf;
				ENABLE_STRICT_OBJC_MSGSEND = YES;
				ENABLE_TESTABILITY = YES;
				GCC_C_LANGUAGE_STANDARD = gnu11;
				GCC_DYNAMIC_NO_PIC = NO;
				GCC_NO_COMMON_BLOCKS = YES;
				GCC_OPTIMIZATION_LEVEL = 0;
				GCC_PREPROCESSOR_DEFINITIONS = (
					"DEBUG=1",
					"$(inherited)",
				);
				GCC_WARN_64_TO_32_BIT_CONVERSION = YES;
				GCC_WARN_ABOUT_RETURN_TYPE = YES_ERROR;
				GCC_WARN_UNDECLARED_SELECTOR = YES;
				GCC_WARN_UNINITIALIZED_AUTOS = YES_AGGRESSIVE;
				GCC_WARN_UNUSED_FUNCTION = YES;
				GCC_WARN_UNUSED_VARIABLE = YES;
				IPHONEOS_DEPLOYMENT_TARGET = 15.4;
				MTL_ENABLE_DEBUG_INFO = INCLUDE_SOURCE;
				MTL_FAST_MATH = YES;
				ONLY_ACTIVE_ARCH = YES;
				SDKROOT = iphoneos;
				SWIFT_ACTIVE_COMPILATION_CONDITIONS = DEBUG;
				SWIFT_OPTIMIZATION_LEVEL = "-Onone";
			};
			name = Debug;
		};
		3A0C79D028187A8C0030E72B /* Release */ = {
			isa = XCBuildConfiguration;
			buildSettings = {
				ALWAYS_SEARCH_USER_PATHS = NO;
				CLANG_ANALYZER_NONNULL = YES;
				CLANG_ANALYZER_NUMBER_OBJECT_CONVERSION = YES_AGGRESSIVE;
				CLANG_CXX_LANGUAGE_STANDARD = "gnu++17";
				CLANG_ENABLE_MODULES = YES;
				CLANG_ENABLE_OBJC_ARC = YES;
				CLANG_ENABLE_OBJC_WEAK = YES;
				CLANG_WARN_BLOCK_CAPTURE_AUTORELEASING = YES;
				CLANG_WARN_BOOL_CONVERSION = YES;
				CLANG_WARN_COMMA = YES;
				CLANG_WARN_CONSTANT_CONVERSION = YES;
				CLANG_WARN_DEPRECATED_OBJC_IMPLEMENTATIONS = YES;
				CLANG_WARN_DIRECT_OBJC_ISA_USAGE = YES_ERROR;
				CLANG_WARN_DOCUMENTATION_COMMENTS = YES;
				CLANG_WARN_EMPTY_BODY = YES;
				CLANG_WARN_ENUM_CONVERSION = YES;
				CLANG_WARN_INFINITE_RECURSION = YES;
				CLANG_WARN_INT_CONVERSION = YES;
				CLANG_WARN_NON_LITERAL_NULL_CONVERSION = YES;
				CLANG_WARN_OBJC_IMPLICIT_RETAIN_SELF = YES;
				CLANG_WARN_OBJC_LITERAL_CONVERSION = YES;
				CLANG_WARN_OBJC_ROOT_CLASS = YES_ERROR;
				CLANG_WARN_QUOTED_INCLUDE_IN_FRAMEWORK_HEADER = YES;
				CLANG_WARN_RANGE_LOOP_ANALYSIS = YES;
				CLANG_WARN_STRICT_PROTOTYPES = YES;
				CLANG_WARN_SUSPICIOUS_MOVE = YES;
				CLANG_WARN_UNGUARDED_AVAILABILITY = YES_AGGRESSIVE;
				CLANG_WARN_UNREACHABLE_CODE = YES;
				CLANG_WARN__DUPLICATE_METHOD_MATCH = YES;
				COPY_PHASE_STRIP = NO;
				DEBUG_INFORMATION_FORMAT = "dwarf-with-dsym";
				ENABLE_NS_ASSERTIONS = NO;
				ENABLE_STRICT_OBJC_MSGSEND = YES;
				GCC_C_LANGUAGE_STANDARD = gnu11;
				GCC_NO_COMMON_BLOCKS = YES;
				GCC_WARN_64_TO_32_BIT_CONVERSION = YES;
				GCC_WARN_ABOUT_RETURN_TYPE = YES_ERROR;
				GCC_WARN_UNDECLARED_SELECTOR = YES;
				GCC_WARN_UNINITIALIZED_AUTOS = YES_AGGRESSIVE;
				GCC_WARN_UNUSED_FUNCTION = YES;
				GCC_WARN_UNUSED_VARIABLE = YES;
				IPHONEOS_DEPLOYMENT_TARGET = 15.4;
				MTL_ENABLE_DEBUG_INFO = NO;
				MTL_FAST_MATH = YES;
				SDKROOT = iphoneos;
				SWIFT_COMPILATION_MODE = wholemodule;
				SWIFT_OPTIMIZATION_LEVEL = "-O";
				VALIDATE_PRODUCT = YES;
			};
			name = Release;
		};
		3A0C79D228187A8C0030E72B /* Debug */ = {
			isa = XCBuildConfiguration;
			buildSettings = {
				ASSETCATALOG_COMPILER_APPICON_NAME = AppIcon;
				ASSETCATALOG_COMPILER_GLOBAL_ACCENT_COLOR_NAME = AccentColor;
				CODE_SIGN_STYLE = Automatic;
				CURRENT_PROJECT_VERSION = 1;
				DEVELOPMENT_TEAM = 5Y6LA36TA6;
				GENERATE_INFOPLIST_FILE = YES;
				INFOPLIST_FILE = DemoTmp/Info.plist;
				INFOPLIST_KEY_UIApplicationSupportsIndirectInputEvents = YES;
				INFOPLIST_KEY_UILaunchStoryboardName = LaunchScreen;
				INFOPLIST_KEY_UIMainStoryboardFile = Main;
				INFOPLIST_KEY_UISupportedInterfaceOrientations_iPad = "UIInterfaceOrientationPortrait UIInterfaceOrientationPortraitUpsideDown UIInterfaceOrientationLandscapeLeft UIInterfaceOrientationLandscapeRight";
				INFOPLIST_KEY_UISupportedInterfaceOrientations_iPhone = "UIInterfaceOrientationPortrait UIInterfaceOrientationLandscapeLeft UIInterfaceOrientationLandscapeRight";
				LD_RUNPATH_SEARCH_PATHS = (
					"$(inherited)",
					"@executable_path/Frameworks",
				);
				MARKETING_VERSION = 1.0;
				PRODUCT_BUNDLE_IDENTIFIER = com.demo.josiphranic.DemoTmp;
				PRODUCT_NAME = "$(TARGET_NAME)";
				SWIFT_EMIT_LOC_STRINGS = YES;
				SWIFT_VERSION = 5.0;
				TARGETED_DEVICE_FAMILY = "1,2";
			};
			name = Debug;
		};
		3A0C79D328187A8C0030E72B /* Release */ = {
			isa = XCBuildConfiguration;
			buildSettings = {
				ASSETCATALOG_COMPILER_APPICON_NAME = AppIcon;
				ASSETCATALOG_COMPILER_GLOBAL_ACCENT_COLOR_NAME = AccentColor;
				CODE_SIGN_STYLE = Automatic;
				CURRENT_PROJECT_VERSION = 1;
				DEVELOPMENT_TEAM = 5Y6LA36TA6;
				GENERATE_INFOPLIST_FILE = YES;
				INFOPLIST_FILE = DemoTmp/Info.plist;
				INFOPLIST_KEY_UIApplicationSupportsIndirectInputEvents = YES;
				INFOPLIST_KEY_UILaunchStoryboardName = LaunchScreen;
				INFOPLIST_KEY_UIMainStoryboardFile = Main;
				INFOPLIST_KEY_UISupportedInterfaceOrientations_iPad = "UIInterfaceOrientationPortrait UIInterfaceOrientationPortraitUpsideDown UIInterfaceOrientationLandscapeLeft UIInterfaceOrientationLandscapeRight";
				INFOPLIST_KEY_UISupportedInterfaceOrientations_iPhone = "UIInterfaceOrientationPortrait UIInterfaceOrientationLandscapeLeft UIInterfaceOrientationLandscapeRight";
				LD_RUNPATH_SEARCH_PATHS = (
					"$(inherited)",
					"@executable_path/Frameworks",
				);
				MARKETING_VERSION = 1.0;
				PRODUCT_BUNDLE_IDENTIFIER = com.demo.josiphranic.DemoTmp;
				PRODUCT_NAME = "$(TARGET_NAME)";
				SWIFT_EMIT_LOC_STRINGS = YES;
				SWIFT_VERSION = 5.0;
				TARGETED_DEVICE_FAMILY = "1,2";
			};
			name = Release;
		};
		3A0C79D528187A8C0030E72B /* Debug */ = {
			isa = XCBuildConfiguration;
			buildSettings = {
				ALWAYS_EMBED_SWIFT_STANDARD_LIBRARIES = YES;
				BUNDLE_LOADER = "$(TEST_HOST)";
				CODE_SIGN_STYLE = Automatic;
				CURRENT_PROJECT_VERSION = 1;
				DEVELOPMENT_TEAM = 5Y6LA36TA6;
				GENERATE_INFOPLIST_FILE = YES;
				IPHONEOS_DEPLOYMENT_TARGET = 15.4;
				MARKETING_VERSION = 1.0;
				PRODUCT_BUNDLE_IDENTIFIER = com.demo.josiphranic.DemoTmpTests;
				PRODUCT_NAME = "$(TARGET_NAME)";
				SWIFT_EMIT_LOC_STRINGS = NO;
				SWIFT_VERSION = 5.0;
				TARGETED_DEVICE_FAMILY = "1,2";
				TEST_HOST = "$(BUILT_PRODUCTS_DIR)/DemoTmp.app/DemoTmp";
			};
			name = Debug;
		};
		3A0C79D628187A8C0030E72B /* Release */ = {
			isa = XCBuildConfiguration;
			buildSettings = {
				ALWAYS_EMBED_SWIFT_STANDARD_LIBRARIES = YES;
				BUNDLE_LOADER = "$(TEST_HOST)";
				CODE_SIGN_STYLE = Automatic;
				CURRENT_PROJECT_VERSION = 1;
				DEVELOPMENT_TEAM = 5Y6LA36TA6;
				GENERATE_INFOPLIST_FILE = YES;
				IPHONEOS_DEPLOYMENT_TARGET = 15.4;
				MARKETING_VERSION = 1.0;
				PRODUCT_BUNDLE_IDENTIFIER = com.demo.josiphranic.DemoTmpTests;
				PRODUCT_NAME = "$(TARGET_NAME)";
				SWIFT_EMIT_LOC_STRINGS = NO;
				SWIFT_VERSION = 5.0;
				TARGETED_DEVICE_FAMILY = "1,2";
				TEST_HOST = "$(BUILT_PRODUCTS_DIR)/DemoTmp.app/DemoTmp";
			};
			name = Release;
		};
		3A0C79D828187A8C0030E72B /* Debug */ = {
			isa = XCBuildConfiguration;
			buildSettings = {
				ALWAYS_EMBED_SWIFT_STANDARD_LIBRARIES = YES;
				CODE_SIGN_STYLE = Automatic;
				CURRENT_PROJECT_VERSION = 1;
				DEVELOPMENT_TEAM = 5Y6LA36TA6;
				GENERATE_INFOPLIST_FILE = YES;
				MARKETING_VERSION = 1.0;
				PRODUCT_BUNDLE_IDENTIFIER = com.demo.josiphranic.DemoTmpUITests;
				PRODUCT_NAME = "$(TARGET_NAME)";
				SWIFT_EMIT_LOC_STRINGS = NO;
				SWIFT_VERSION = 5.0;
				TARGETED_DEVICE_FAMILY = "1,2";
				TEST_TARGET_NAME = DemoTmp;
			};
			name = Debug;
		};
		3A0C79D928187A8C0030E72B /* Release */ = {
			isa = XCBuildConfiguration;
			buildSettings = {
				ALWAYS_EMBED_SWIFT_STANDARD_LIBRARIES = YES;
				CODE_SIGN_STYLE = Automatic;
				CURRENT_PROJECT_VERSION = 1;
				DEVELOPMENT_TEAM = 5Y6LA36TA6;
				GENERATE_INFOPLIST_FILE = YES;
				MARKETING_VERSION = 1.0;
				PRODUCT_BUNDLE_IDENTIFIER = com.demo.josiphranic.DemoTmpUITests;
				PRODUCT_NAME = "$(TARGET_NAME)";
				SWIFT_EMIT_LOC_STRINGS = NO;
				SWIFT_VERSION = 5.0;
				TARGETED_DEVICE_FAMILY = "1,2";
				TEST_TARGET_NAME = DemoTmp;
			};
			name = Release;
		};
/* End XCBuildConfiguration section */

/* Begin XCConfigurationList section */
		3A0C79A228187A8B0030E72B /* Build configuration list for PBXProject "DemoTmp" */ = {
			isa = XCConfigurationList;
			buildConfigurations = (
				3A0C79CF28187A8C0030E72B /* Debug */,
				3A0C79D028187A8C0030E72B /* Release */,
			);
			defaultConfigurationIsVisible = 0;
			defaultConfigurationName = Release;
		};
		3A0C79D128187A8C0030E72B /* Build configuration list for PBXNativeTarget "DemoTmp" */ = {
			isa = XCConfigurationList;
			buildConfigurations = (
				3A0C79D228187A8C0030E72B /* Debug */,
				3A0C79D328187A8C0030E72B /* Release */,
			);
			defaultConfigurationIsVisible = 0;
			defaultConfigurationName = Release;
		};
		3A0C79D428187A8C0030E72B /* Build configuration list for PBXNativeTarget "DemoTmpTests" */ = {
			isa = XCConfigurationList;
			buildConfigurations = (
				3A0C79D528187A8C0030E72B /* Debug */,
				3A0C79D628187A8C0030E72B /* Release */,
			);
			defaultConfigurationIsVisible = 0;
			defaultConfigurationName = Release;
		};
		3A0C79D728187A8C0030E72B /* Build configuration list for PBXNativeTarget "DemoTmpUITests" */ = {
			isa = XCConfigurationList;
			buildConfigurations = (
				3A0C79D828187A8C0030E72B /* Debug */,
				3A0C79D928187A8C0030E72B /* Release */,
			);
			defaultConfigurationIsVisible = 0;
			defaultConfigurationName = Release;
		};
/* End XCConfigurationList section */
	};
	rootObject = 3A0C799F28187A8B0030E72B /* Project object */;
}
